// !$*UTF8*$!
{
	archiveVersion = 1;
	classes = {
	};
	objectVersion = 55;
	objects = {

/* Begin PBXBuildFile section */
		579EF0FF28B4BF56094609B0 /* Pods_VarioTalk.framework in Frameworks */ = {isa = PBXBuildFile; fileRef = 43A0534446435CD444767C25 /* Pods_VarioTalk.framework */; };
		7E41A7D2275D1BAB00F22C52 /* ChatTableViewCell.swift in Sources */ = {isa = PBXBuildFile; fileRef = 7E41A7D0275D1BAB00F22C52 /* ChatTableViewCell.swift */; };
		7E41A7D5275E50CE00F22C52 /* DB.swift in Sources */ = {isa = PBXBuildFile; fileRef = 7E41A7D4275E50CE00F22C52 /* DB.swift */; };
		7EA3CA5A27572DDF00B5B21A /* AppDelegate.swift in Sources */ = {isa = PBXBuildFile; fileRef = 7EA3CA5927572DDF00B5B21A /* AppDelegate.swift */; };
		7EA3CA5C27572DDF00B5B21A /* SceneDelegate.swift in Sources */ = {isa = PBXBuildFile; fileRef = 7EA3CA5B27572DDF00B5B21A /* SceneDelegate.swift */; };
		7EA3CA5E27572DDF00B5B21A /* LoginViewController.swift in Sources */ = {isa = PBXBuildFile; fileRef = 7EA3CA5D27572DDF00B5B21A /* LoginViewController.swift */; };
		7EA3CA6127572DDF00B5B21A /* Main.storyboard in Resources */ = {isa = PBXBuildFile; fileRef = 7EA3CA5F27572DDF00B5B21A /* Main.storyboard */; };
		7EA3CA6327572DE200B5B21A /* Assets.xcassets in Resources */ = {isa = PBXBuildFile; fileRef = 7EA3CA6227572DE200B5B21A /* Assets.xcassets */; };
		7EA3CA6627572DE200B5B21A /* LaunchScreen.storyboard in Resources */ = {isa = PBXBuildFile; fileRef = 7EA3CA6427572DE200B5B21A /* LaunchScreen.storyboard */; };
		7EA3CA712757369100B5B21A /* FriendsListViewController.swift in Sources */ = {isa = PBXBuildFile; fileRef = 7EA3CA702757369100B5B21A /* FriendsListViewController.swift */; };
		7EA3CA73275736B200B5B21A /* ChatListViewController.swift in Sources */ = {isa = PBXBuildFile; fileRef = 7EA3CA72275736B200B5B21A /* ChatListViewController.swift */; };
		7EA3CA77275746C800B5B21A /* GoogleService-Info.plist in Resources */ = {isa = PBXBuildFile; fileRef = 7EA3CA76275746C800B5B21A /* GoogleService-Info.plist */; };
		7EA3CA792757571B00B5B21A /* SignUpViewController.swift in Sources */ = {isa = PBXBuildFile; fileRef = 7EA3CA782757571B00B5B21A /* SignUpViewController.swift */; };
		7EA3CA7B2758E16700B5B21A /* AddFriendViewController.swift in Sources */ = {isa = PBXBuildFile; fileRef = 7EA3CA7A2758E16700B5B21A /* AddFriendViewController.swift */; };
		7EA3CA7D2758E54B00B5B21A /* Context.swift in Sources */ = {isa = PBXBuildFile; fileRef = 7EA3CA7C2758E54B00B5B21A /* Context.swift */; };
		7EA3CA802759F00700B5B21A /* Tools.swift in Sources */ = {isa = PBXBuildFile; fileRef = 7EA3CA7F2759F00600B5B21A /* Tools.swift */; };
		7EA3CA83275A0D5300B5B21A /* FriendTableViewCell.swift in Sources */ = {isa = PBXBuildFile; fileRef = 7EA3CA81275A0D5300B5B21A /* FriendTableViewCell.swift */; };
		7EA3CA84275A0D5300B5B21A /* FriendTableViewCell.xib in Resources */ = {isa = PBXBuildFile; fileRef = 7EA3CA82275A0D5300B5B21A /* FriendTableViewCell.xib */; };
		7EA3CA86275A1F7B00B5B21A /* FriendDetailViewController.swift in Sources */ = {isa = PBXBuildFile; fileRef = 7EA3CA85275A1F7B00B5B21A /* FriendDetailViewController.swift */; };
		7EA3CA88275B7F2100B5B21A /* ChatViewController.swift in Sources */ = {isa = PBXBuildFile; fileRef = 7EA3CA87275B7F2000B5B21A /* ChatViewController.swift */; };
		7EA3CA8A275BBE5300B5B21A /* Chat.swift in Sources */ = {isa = PBXBuildFile; fileRef = 7EA3CA89275BBE5200B5B21A /* Chat.swift */; };
		7EA3CA8D275BC9B400B5B21A /* ChatListTableViewCell.swift in Sources */ = {isa = PBXBuildFile; fileRef = 7EA3CA8B275BC9B400B5B21A /* ChatListTableViewCell.swift */; };
		7EA3CA8E275BC9B400B5B21A /* ChatListTableViewCell.xib in Resources */ = {isa = PBXBuildFile; fileRef = 7EA3CA8C275BC9B400B5B21A /* ChatListTableViewCell.xib */; };
/* End PBXBuildFile section */

/* Begin PBXFileReference section */
		1859323F26ABCD793CE68101 /* Pods-VarioTalk.debug.xcconfig */ = {isa = PBXFileReference; includeInIndex = 1; lastKnownFileType = text.xcconfig; name = "Pods-VarioTalk.debug.xcconfig"; path = "Target Support Files/Pods-VarioTalk/Pods-VarioTalk.debug.xcconfig"; sourceTree = "<group>"; };
		43A0534446435CD444767C25 /* Pods_VarioTalk.framework */ = {isa = PBXFileReference; explicitFileType = wrapper.framework; includeInIndex = 0; path = Pods_VarioTalk.framework; sourceTree = BUILT_PRODUCTS_DIR; };
		50E70A3B77DC28D5F45547D7 /* Pods-VarioTalk.release.xcconfig */ = {isa = PBXFileReference; includeInIndex = 1; lastKnownFileType = text.xcconfig; name = "Pods-VarioTalk.release.xcconfig"; path = "Target Support Files/Pods-VarioTalk/Pods-VarioTalk.release.xcconfig"; sourceTree = "<group>"; };
		7E41A7D0275D1BAB00F22C52 /* ChatTableViewCell.swift */ = {isa = PBXFileReference; lastKnownFileType = sourcecode.swift; path = ChatTableViewCell.swift; sourceTree = "<group>"; };
		7E41A7D4275E50CE00F22C52 /* DB.swift */ = {isa = PBXFileReference; lastKnownFileType = sourcecode.swift; path = DB.swift; sourceTree = "<group>"; };
		7EA3CA5627572DDF00B5B21A /* VarioTalk.app */ = {isa = PBXFileReference; explicitFileType = wrapper.application; includeInIndex = 0; path = VarioTalk.app; sourceTree = BUILT_PRODUCTS_DIR; };
		7EA3CA5927572DDF00B5B21A /* AppDelegate.swift */ = {isa = PBXFileReference; lastKnownFileType = sourcecode.swift; path = AppDelegate.swift; sourceTree = "<group>"; };
		7EA3CA5B27572DDF00B5B21A /* SceneDelegate.swift */ = {isa = PBXFileReference; lastKnownFileType = sourcecode.swift; path = SceneDelegate.swift; sourceTree = "<group>"; };
		7EA3CA5D27572DDF00B5B21A /* LoginViewController.swift */ = {isa = PBXFileReference; lastKnownFileType = sourcecode.swift; path = LoginViewController.swift; sourceTree = "<group>"; };
		7EA3CA6027572DDF00B5B21A /* Base */ = {isa = PBXFileReference; lastKnownFileType = file.storyboard; name = Base; path = Base.lproj/Main.storyboard; sourceTree = "<group>"; };
		7EA3CA6227572DE200B5B21A /* Assets.xcassets */ = {isa = PBXFileReference; lastKnownFileType = folder.assetcatalog; path = Assets.xcassets; sourceTree = "<group>"; };
		7EA3CA6527572DE200B5B21A /* Base */ = {isa = PBXFileReference; lastKnownFileType = file.storyboard; name = Base; path = Base.lproj/LaunchScreen.storyboard; sourceTree = "<group>"; };
		7EA3CA6727572DE200B5B21A /* Info.plist */ = {isa = PBXFileReference; lastKnownFileType = text.plist.xml; path = Info.plist; sourceTree = "<group>"; };
		7EA3CA702757369100B5B21A /* FriendsListViewController.swift */ = {isa = PBXFileReference; lastKnownFileType = sourcecode.swift; path = FriendsListViewController.swift; sourceTree = "<group>"; };
		7EA3CA72275736B200B5B21A /* ChatListViewController.swift */ = {isa = PBXFileReference; lastKnownFileType = sourcecode.swift; path = ChatListViewController.swift; sourceTree = "<group>"; };
		7EA3CA76275746C800B5B21A /* GoogleService-Info.plist */ = {isa = PBXFileReference; fileEncoding = 4; lastKnownFileType = text.plist.xml; path = "GoogleService-Info.plist"; sourceTree = "<group>"; };
		7EA3CA782757571B00B5B21A /* SignUpViewController.swift */ = {isa = PBXFileReference; lastKnownFileType = sourcecode.swift; path = SignUpViewController.swift; sourceTree = "<group>"; };
		7EA3CA7A2758E16700B5B21A /* AddFriendViewController.swift */ = {isa = PBXFileReference; lastKnownFileType = sourcecode.swift; path = AddFriendViewController.swift; sourceTree = "<group>"; };
		7EA3CA7C2758E54B00B5B21A /* Context.swift */ = {isa = PBXFileReference; lastKnownFileType = sourcecode.swift; path = Context.swift; sourceTree = "<group>"; };
		7EA3CA7F2759F00600B5B21A /* Tools.swift */ = {isa = PBXFileReference; lastKnownFileType = sourcecode.swift; path = Tools.swift; sourceTree = "<group>"; };
		7EA3CA81275A0D5300B5B21A /* FriendTableViewCell.swift */ = {isa = PBXFileReference; lastKnownFileType = sourcecode.swift; path = FriendTableViewCell.swift; sourceTree = "<group>"; };
		7EA3CA82275A0D5300B5B21A /* FriendTableViewCell.xib */ = {isa = PBXFileReference; lastKnownFileType = file.xib; path = FriendTableViewCell.xib; sourceTree = "<group>"; };
		7EA3CA85275A1F7B00B5B21A /* FriendDetailViewController.swift */ = {isa = PBXFileReference; lastKnownFileType = sourcecode.swift; path = FriendDetailViewController.swift; sourceTree = "<group>"; };
		7EA3CA87275B7F2000B5B21A /* ChatViewController.swift */ = {isa = PBXFileReference; lastKnownFileType = sourcecode.swift; path = ChatViewController.swift; sourceTree = "<group>"; };
		7EA3CA89275BBE5200B5B21A /* Chat.swift */ = {isa = PBXFileReference; lastKnownFileType = sourcecode.swift; path = Chat.swift; sourceTree = "<group>"; };
		7EA3CA8B275BC9B400B5B21A /* ChatListTableViewCell.swift */ = {isa = PBXFileReference; lastKnownFileType = sourcecode.swift; path = ChatListTableViewCell.swift; sourceTree = "<group>"; };
		7EA3CA8C275BC9B400B5B21A /* ChatListTableViewCell.xib */ = {isa = PBXFileReference; lastKnownFileType = file.xib; path = ChatListTableViewCell.xib; sourceTree = "<group>"; };
/* End PBXFileReference section */

/* Begin PBXFrameworksBuildPhase section */
		7EA3CA5327572DDF00B5B21A /* Frameworks */ = {
			isa = PBXFrameworksBuildPhase;
			buildActionMask = 2147483647;
			files = (
				579EF0FF28B4BF56094609B0 /* Pods_VarioTalk.framework in Frameworks */,
			);
			runOnlyForDeploymentPostprocessing = 0;
		};
/* End PBXFrameworksBuildPhase section */

/* Begin PBXGroup section */
		24AD98BB799B4A8AB8B1A7D6 /* Frameworks */ = {
			isa = PBXGroup;
			children = (
				43A0534446435CD444767C25 /* Pods_VarioTalk.framework */,
			);
			name = Frameworks;
			sourceTree = "<group>";
		};
		5ED13EF739605F73EA7E1A5B /* Pods */ = {
			isa = PBXGroup;
			children = (
				1859323F26ABCD793CE68101 /* Pods-VarioTalk.debug.xcconfig */,
				50E70A3B77DC28D5F45547D7 /* Pods-VarioTalk.release.xcconfig */,
			);
			path = Pods;
			sourceTree = "<group>";
		};
		7EA3CA4D27572DDF00B5B21A = {
			isa = PBXGroup;
			children = (
				7EA3CA5827572DDF00B5B21A /* VarioTalk */,
				7EA3CA5727572DDF00B5B21A /* Products */,
				5ED13EF739605F73EA7E1A5B /* Pods */,
				24AD98BB799B4A8AB8B1A7D6 /* Frameworks */,
			);
			sourceTree = "<group>";
		};
		7EA3CA5727572DDF00B5B21A /* Products */ = {
			isa = PBXGroup;
			children = (
				7EA3CA5627572DDF00B5B21A /* VarioTalk.app */,
			);
			name = Products;
			sourceTree = "<group>";
		};
		7EA3CA5827572DDF00B5B21A /* VarioTalk */ = {
			isa = PBXGroup;
			children = (
				7EA3CA7E2759EFF400B5B21A /* Components */,
				7EA3CA6F27572F8800B5B21A /* Models */,
				7EA3CA6E27572F8200B5B21A /* Controllers */,
				7EA3CA6D27572F7D00B5B21A /* Views */,
				7EA3CA5927572DDF00B5B21A /* AppDelegate.swift */,
				7EA3CA5B27572DDF00B5B21A /* SceneDelegate.swift */,
				7EA3CA6227572DE200B5B21A /* Assets.xcassets */,
				7EA3CA6727572DE200B5B21A /* Info.plist */,
				7EA3CA76275746C800B5B21A /* GoogleService-Info.plist */,
			);
			path = VarioTalk;
			sourceTree = "<group>";
		};
		7EA3CA6D27572F7D00B5B21A /* Views */ = {
			isa = PBXGroup;
			children = (
				7EA3CA5F27572DDF00B5B21A /* Main.storyboard */,
				7EA3CA6427572DE200B5B21A /* LaunchScreen.storyboard */,
				7EA3CA81275A0D5300B5B21A /* FriendTableViewCell.swift */,
				7EA3CA82275A0D5300B5B21A /* FriendTableViewCell.xib */,
				7EA3CA8B275BC9B400B5B21A /* ChatListTableViewCell.swift */,
				7EA3CA8C275BC9B400B5B21A /* ChatListTableViewCell.xib */,
				7E41A7D0275D1BAB00F22C52 /* ChatTableViewCell.swift */,
			);
			path = Views;
			sourceTree = "<group>";
		};
		7EA3CA6E27572F8200B5B21A /* Controllers */ = {
			isa = PBXGroup;
			children = (
				7EA3CA5D27572DDF00B5B21A /* LoginViewController.swift */,
				7EA3CA702757369100B5B21A /* FriendsListViewController.swift */,
				7EA3CA72275736B200B5B21A /* ChatListViewController.swift */,
				7EA3CA782757571B00B5B21A /* SignUpViewController.swift */,
				7EA3CA7A2758E16700B5B21A /* AddFriendViewController.swift */,
				7EA3CA85275A1F7B00B5B21A /* FriendDetailViewController.swift */,
				7EA3CA87275B7F2000B5B21A /* ChatViewController.swift */,
			);
			path = Controllers;
			sourceTree = "<group>";
		};
		7EA3CA6F27572F8800B5B21A /* Models */ = {
			isa = PBXGroup;
			children = (
				7EA3CA7C2758E54B00B5B21A /* Context.swift */,
				7EA3CA89275BBE5200B5B21A /* Chat.swift */,
				7E41A7D4275E50CE00F22C52 /* DB.swift */,
			);
			path = Models;
			sourceTree = "<group>";
		};
		7EA3CA7E2759EFF400B5B21A /* Components */ = {
			isa = PBXGroup;
			children = (
				7EA3CA7F2759F00600B5B21A /* Tools.swift */,
			);
			path = Components;
			sourceTree = "<group>";
		};
/* End PBXGroup section */

/* Begin PBXNativeTarget section */
		7EA3CA5527572DDF00B5B21A /* VarioTalk */ = {
			isa = PBXNativeTarget;
			buildConfigurationList = 7EA3CA6A27572DE200B5B21A /* Build configuration list for PBXNativeTarget "VarioTalk" */;
			buildPhases = (
				CA6D4F50918C01BC8E21E4A8 /* [CP] Check Pods Manifest.lock */,
				7EA3CA5227572DDF00B5B21A /* Sources */,
				7EA3CA5327572DDF00B5B21A /* Frameworks */,
				7EA3CA5427572DDF00B5B21A /* Resources */,
				D4D40CA683C139B680B9DD60 /* [CP] Embed Pods Frameworks */,
			);
			buildRules = (
			);
			dependencies = (
			);
			name = VarioTalk;
			productName = VarioTalk;
			productReference = 7EA3CA5627572DDF00B5B21A /* VarioTalk.app */;
			productType = "com.apple.product-type.application";
		};
/* End PBXNativeTarget section */

/* Begin PBXProject section */
		7EA3CA4E27572DDF00B5B21A /* Project object */ = {
			isa = PBXProject;
			attributes = {
				BuildIndependentTargetsInParallel = 1;
				LastSwiftUpdateCheck = 1300;
				LastUpgradeCheck = 1300;
				TargetAttributes = {
					7EA3CA5527572DDF00B5B21A = {
						CreatedOnToolsVersion = 13.0;
					};
				};
			};
			buildConfigurationList = 7EA3CA5127572DDF00B5B21A /* Build configuration list for PBXProject "VarioTalk" */;
			compatibilityVersion = "Xcode 13.0";
			developmentRegion = en;
			hasScannedForEncodings = 0;
			knownRegions = (
				en,
				Base,
			);
			mainGroup = 7EA3CA4D27572DDF00B5B21A;
			productRefGroup = 7EA3CA5727572DDF00B5B21A /* Products */;
			projectDirPath = "";
			projectRoot = "";
			targets = (
				7EA3CA5527572DDF00B5B21A /* VarioTalk */,
			);
		};
/* End PBXProject section */

/* Begin PBXResourcesBuildPhase section */
		7EA3CA5427572DDF00B5B21A /* Resources */ = {
			isa = PBXResourcesBuildPhase;
			buildActionMask = 2147483647;
			files = (
				7EA3CA84275A0D5300B5B21A /* FriendTableViewCell.xib in Resources */,
				7EA3CA6627572DE200B5B21A /* LaunchScreen.storyboard in Resources */,
				7EA3CA77275746C800B5B21A /* GoogleService-Info.plist in Resources */,
				7EA3CA6327572DE200B5B21A /* Assets.xcassets in Resources */,
				7EA3CA6127572DDF00B5B21A /* Main.storyboard in Resources */,
				7EA3CA8E275BC9B400B5B21A /* ChatListTableViewCell.xib in Resources */,
			);
			runOnlyForDeploymentPostprocessing = 0;
		};
/* End PBXResourcesBuildPhase section */

/* Begin PBXShellScriptBuildPhase section */
		CA6D4F50918C01BC8E21E4A8 /* [CP] Check Pods Manifest.lock */ = {
			isa = PBXShellScriptBuildPhase;
			buildActionMask = 2147483647;
			files = (
			);
			inputFileListPaths = (
			);
			inputPaths = (
				"${PODS_PODFILE_DIR_PATH}/Podfile.lock",
				"${PODS_ROOT}/Manifest.lock",
			);
			name = "[CP] Check Pods Manifest.lock";
			outputFileListPaths = (
			);
			outputPaths = (
				"$(DERIVED_FILE_DIR)/Pods-VarioTalk-checkManifestLockResult.txt",
			);
			runOnlyForDeploymentPostprocessing = 0;
			shellPath = /bin/sh;
			shellScript = "diff \"${PODS_PODFILE_DIR_PATH}/Podfile.lock\" \"${PODS_ROOT}/Manifest.lock\" > /dev/null\nif [ $? != 0 ] ; then\n    # print error to STDERR\n    echo \"error: The sandbox is not in sync with the Podfile.lock. Run 'pod install' or update your CocoaPods installation.\" >&2\n    exit 1\nfi\n# This output is used by Xcode 'outputs' to avoid re-running this script phase.\necho \"SUCCESS\" > \"${SCRIPT_OUTPUT_FILE_0}\"\n";
			showEnvVarsInLog = 0;
		};
		D4D40CA683C139B680B9DD60 /* [CP] Embed Pods Frameworks */ = {
			isa = PBXShellScriptBuildPhase;
			buildActionMask = 2147483647;
			files = (
			);
			inputFileListPaths = (
				"${PODS_ROOT}/Target Support Files/Pods-VarioTalk/Pods-VarioTalk-frameworks-${CONFIGURATION}-input-files.xcfilelist",
			);
			name = "[CP] Embed Pods Frameworks";
			outputFileListPaths = (
				"${PODS_ROOT}/Target Support Files/Pods-VarioTalk/Pods-VarioTalk-frameworks-${CONFIGURATION}-output-files.xcfilelist",
			);
			runOnlyForDeploymentPostprocessing = 0;
			shellPath = /bin/sh;
			shellScript = "\"${PODS_ROOT}/Target Support Files/Pods-VarioTalk/Pods-VarioTalk-frameworks.sh\"\n";
			showEnvVarsInLog = 0;
		};
/* End PBXShellScriptBuildPhase section */

/* Begin PBXSourcesBuildPhase section */
		7EA3CA5227572DDF00B5B21A /* Sources */ = {
			isa = PBXSourcesBuildPhase;
			buildActionMask = 2147483647;
			files = (
				7EA3CA8A275BBE5300B5B21A /* Chat.swift in Sources */,
				7EA3CA792757571B00B5B21A /* SignUpViewController.swift in Sources */,
				7EA3CA7B2758E16700B5B21A /* AddFriendViewController.swift in Sources */,
				7EA3CA86275A1F7B00B5B21A /* FriendDetailViewController.swift in Sources */,
				7EA3CA712757369100B5B21A /* FriendsListViewController.swift in Sources */,
				7EA3CA5E27572DDF00B5B21A /* LoginViewController.swift in Sources */,
				7EA3CA5A27572DDF00B5B21A /* AppDelegate.swift in Sources */,
				7EA3CA7D2758E54B00B5B21A /* Context.swift in Sources */,
				7EA3CA802759F00700B5B21A /* Tools.swift in Sources */,
				7E41A7D5275E50CE00F22C52 /* DB.swift in Sources */,
				7EA3CA8D275BC9B400B5B21A /* ChatListTableViewCell.swift in Sources */,
				7EA3CA83275A0D5300B5B21A /* FriendTableViewCell.swift in Sources */,
				7E41A7D2275D1BAB00F22C52 /* ChatTableViewCell.swift in Sources */,
				7EA3CA5C27572DDF00B5B21A /* SceneDelegate.swift in Sources */,
				7EA3CA88275B7F2100B5B21A /* ChatViewController.swift in Sources */,
				7EA3CA73275736B200B5B21A /* ChatListViewController.swift in Sources */,
			);
			runOnlyForDeploymentPostprocessing = 0;
		};
/* End PBXSourcesBuildPhase section */

/* Begin PBXVariantGroup section */
		7EA3CA5F27572DDF00B5B21A /* Main.storyboard */ = {
			isa = PBXVariantGroup;
			children = (
				7EA3CA6027572DDF00B5B21A /* Base */,
			);
			name = Main.storyboard;
			sourceTree = "<group>";
		};
		7EA3CA6427572DE200B5B21A /* LaunchScreen.storyboard */ = {
			isa = PBXVariantGroup;
			children = (
				7EA3CA6527572DE200B5B21A /* Base */,
			);
			name = LaunchScreen.storyboard;
			sourceTree = "<group>";
		};
/* End PBXVariantGroup section */

/* Begin XCBuildConfiguration section */
		7EA3CA6827572DE200B5B21A /* Debug */ = {
			isa = XCBuildConfiguration;
			buildSettings = {
				ALWAYS_SEARCH_USER_PATHS = NO;
				CLANG_ANALYZER_NONNULL = YES;
				CLANG_ANALYZER_NUMBER_OBJECT_CONVERSION = YES_AGGRESSIVE;
				CLANG_CXX_LANGUAGE_STANDARD = "gnu++17";
				CLANG_CXX_LIBRARY = "libc++";
				CLANG_ENABLE_MODULES = YES;
				CLANG_ENABLE_OBJC_ARC = YES;
				CLANG_ENABLE_OBJC_WEAK = YES;
				CLANG_WARN_BLOCK_CAPTURE_AUTORELEASING = YES;
				CLANG_WARN_BOOL_CONVERSION = YES;
				CLANG_WARN_COMMA = YES;
				CLANG_WARN_CONSTANT_CONVERSION = YES;
				CLANG_WARN_DEPRECATED_OBJC_IMPLEMENTATIONS = YES;
				CLANG_WARN_DIRECT_OBJC_ISA_USAGE = YES_ERROR;
				CLANG_WARN_DOCUMENTATION_COMMENTS = YES;
				CLANG_WARN_EMPTY_BODY = YES;
				CLANG_WARN_ENUM_CONVERSION = YES;
				CLANG_WARN_INFINITE_RECURSION = YES;
				CLANG_WARN_INT_CONVERSION = YES;
				CLANG_WARN_NON_LITERAL_NULL_CONVERSION = YES;
				CLANG_WARN_OBJC_IMPLICIT_RETAIN_SELF = YES;
				CLANG_WARN_OBJC_LITERAL_CONVERSION = YES;
				CLANG_WARN_OBJC_ROOT_CLASS = YES_ERROR;
				CLANG_WARN_QUOTED_INCLUDE_IN_FRAMEWORK_HEADER = YES;
				CLANG_WARN_RANGE_LOOP_ANALYSIS = YES;
				CLANG_WARN_STRICT_PROTOTYPES = YES;
				CLANG_WARN_SUSPICIOUS_MOVE = YES;
				CLANG_WARN_UNGUARDED_AVAILABILITY = YES_AGGRESSIVE;
				CLANG_WARN_UNREACHABLE_CODE = YES;
				CLANG_WARN__DUPLICATE_METHOD_MATCH = YES;
				COPY_PHASE_STRIP = NO;
				DEBUG_INFORMATION_FORMAT = dwarf;
				ENABLE_STRICT_OBJC_MSGSEND = YES;
				ENABLE_TESTABILITY = YES;
				GCC_C_LANGUAGE_STANDARD = gnu11;
				GCC_DYNAMIC_NO_PIC = NO;
				GCC_NO_COMMON_BLOCKS = YES;
				GCC_OPTIMIZATION_LEVEL = 0;
				GCC_PREPROCESSOR_DEFINITIONS = (
					"DEBUG=1",
					"$(inherited)",
				);
				GCC_WARN_64_TO_32_BIT_CONVERSION = YES;
				GCC_WARN_ABOUT_RETURN_TYPE = YES_ERROR;
				GCC_WARN_UNDECLARED_SELECTOR = YES;
				GCC_WARN_UNINITIALIZED_AUTOS = YES_AGGRESSIVE;
				GCC_WARN_UNUSED_FUNCTION = YES;
				GCC_WARN_UNUSED_VARIABLE = YES;
				IPHONEOS_DEPLOYMENT_TARGET = 15.0;
				MTL_ENABLE_DEBUG_INFO = INCLUDE_SOURCE;
				MTL_FAST_MATH = YES;
				ONLY_ACTIVE_ARCH = YES;
				SDKROOT = iphoneos;
				SWIFT_ACTIVE_COMPILATION_CONDITIONS = DEBUG;
				SWIFT_OPTIMIZATION_LEVEL = "-Onone";
			};
			name = Debug;
		};
		7EA3CA6927572DE200B5B21A /* Release */ = {
			isa = XCBuildConfiguration;
			buildSettings = {
				ALWAYS_SEARCH_USER_PATHS = NO;
				CLANG_ANALYZER_NONNULL = YES;
				CLANG_ANALYZER_NUMBER_OBJECT_CONVERSION = YES_AGGRESSIVE;
				CLANG_CXX_LANGUAGE_STANDARD = "gnu++17";
				CLANG_CXX_LIBRARY = "libc++";
				CLANG_ENABLE_MODULES = YES;
				CLANG_ENABLE_OBJC_ARC = YES;
				CLANG_ENABLE_OBJC_WEAK = YES;
				CLANG_WARN_BLOCK_CAPTURE_AUTORELEASING = YES;
				CLANG_WARN_BOOL_CONVERSION = YES;
				CLANG_WARN_COMMA = YES;
				CLANG_WARN_CONSTANT_CONVERSION = YES;
				CLANG_WARN_DEPRECATED_OBJC_IMPLEMENTATIONS = YES;
				CLANG_WARN_DIRECT_OBJC_ISA_USAGE = YES_ERROR;
				CLANG_WARN_DOCUMENTATION_COMMENTS = YES;
				CLANG_WARN_EMPTY_BODY = YES;
				CLANG_WARN_ENUM_CONVERSION = YES;
				CLANG_WARN_INFINITE_RECURSION = YES;
				CLANG_WARN_INT_CONVERSION = YES;
				CLANG_WARN_NON_LITERAL_NULL_CONVERSION = YES;
				CLANG_WARN_OBJC_IMPLICIT_RETAIN_SELF = YES;
				CLANG_WARN_OBJC_LITERAL_CONVERSION = YES;
				CLANG_WARN_OBJC_ROOT_CLASS = YES_ERROR;
				CLANG_WARN_QUOTED_INCLUDE_IN_FRAMEWORK_HEADER = YES;
				CLANG_WARN_RANGE_LOOP_ANALYSIS = YES;
				CLANG_WARN_STRICT_PROTOTYPES = YES;
				CLANG_WARN_SUSPICIOUS_MOVE = YES;
				CLANG_WARN_UNGUARDED_AVAILABILITY = YES_AGGRESSIVE;
				CLANG_WARN_UNREACHABLE_CODE = YES;
				CLANG_WARN__DUPLICATE_METHOD_MATCH = YES;
				COPY_PHASE_STRIP = NO;
				DEBUG_INFORMATION_FORMAT = "dwarf-with-dsym";
				ENABLE_NS_ASSERTIONS = NO;
				ENABLE_STRICT_OBJC_MSGSEND = YES;
				GCC_C_LANGUAGE_STANDARD = gnu11;
				GCC_NO_COMMON_BLOCKS = YES;
				GCC_WARN_64_TO_32_BIT_CONVERSION = YES;
				GCC_WARN_ABOUT_RETURN_TYPE = YES_ERROR;
				GCC_WARN_UNDECLARED_SELECTOR = YES;
				GCC_WARN_UNINITIALIZED_AUTOS = YES_AGGRESSIVE;
				GCC_WARN_UNUSED_FUNCTION = YES;
				GCC_WARN_UNUSED_VARIABLE = YES;
				IPHONEOS_DEPLOYMENT_TARGET = 15.0;
				MTL_ENABLE_DEBUG_INFO = NO;
				MTL_FAST_MATH = YES;
				SDKROOT = iphoneos;
				SWIFT_COMPILATION_MODE = wholemodule;
				SWIFT_OPTIMIZATION_LEVEL = "-O";
				VALIDATE_PRODUCT = YES;
			};
			name = Release;
		};
		7EA3CA6B27572DE200B5B21A /* Debug */ = {
			isa = XCBuildConfiguration;
			baseConfigurationReference = 1859323F26ABCD793CE68101 /* Pods-VarioTalk.debug.xcconfig */;
			buildSettings = {
				ASSETCATALOG_COMPILER_APPICON_NAME = AppIcon;
				ASSETCATALOG_COMPILER_GLOBAL_ACCENT_COLOR_NAME = AccentColor;
				CODE_SIGN_STYLE = Automatic;
				CURRENT_PROJECT_VERSION = 1;
				DEVELOPMENT_TEAM = SCML36ZSLF;
				GENERATE_INFOPLIST_FILE = YES;
				INFOPLIST_FILE = VarioTalk/Info.plist;
				INFOPLIST_KEY_UIApplicationSupportsIndirectInputEvents = YES;
				INFOPLIST_KEY_UILaunchStoryboardName = LaunchScreen;
				INFOPLIST_KEY_UIMainStoryboardFile = Main;
				INFOPLIST_KEY_UISupportedInterfaceOrientations_iPad = "UIInterfaceOrientationPortrait UIInterfaceOrientationPortraitUpsideDown UIInterfaceOrientationLandscapeLeft UIInterfaceOrientationLandscapeRight";
				INFOPLIST_KEY_UISupportedInterfaceOrientations_iPhone = "UIInterfaceOrientationPortrait UIInterfaceOrientationLandscapeLeft UIInterfaceOrientationLandscapeRight";
				IPHONEOS_DEPLOYMENT_TARGET = 14.0;
				LD_RUNPATH_SEARCH_PATHS = (
					"$(inherited)",
					"@executable_path/Frameworks",
				);
				MARKETING_VERSION = 1.0;
				PRODUCT_BUNDLE_IDENTIFIER = com.seydouxxx.VarioTalk;
				PRODUCT_NAME = "$(TARGET_NAME)";
				SWIFT_EMIT_LOC_STRINGS = YES;
				SWIFT_VERSION = 5.0;
				TARGETED_DEVICE_FAMILY = "1,2";
			};
			name = Debug;
		};
		7EA3CA6C27572DE200B5B21A /* Release */ = {
			isa = XCBuildConfiguration;
			baseConfigurationReference = 50E70A3B77DC28D5F45547D7 /* Pods-VarioTalk.release.xcconfig */;
			buildSettings = {
				ASSETCATALOG_COMPILER_APPICON_NAME = AppIcon;
				ASSETCATALOG_COMPILER_GLOBAL_ACCENT_COLOR_NAME = AccentColor;
				CODE_SIGN_STYLE = Automatic;
				CURRENT_PROJECT_VERSION = 1;
				DEVELOPMENT_TEAM = SCML36ZSLF;
				GENERATE_INFOPLIST_FILE = YES;
				INFOPLIST_FILE = VarioTalk/Info.plist;
				INFOPLIST_KEY_UIApplicationSupportsIndirectInputEvents = YES;
				INFOPLIST_KEY_UILaunchStoryboardName = LaunchScreen;
				INFOPLIST_KEY_UIMainStoryboardFile = Main;
				INFOPLIST_KEY_UISupportedInterfaceOrientations_iPad = "UIInterfaceOrientationPortrait UIInterfaceOrientationPortraitUpsideDown UIInterfaceOrientationLandscapeLeft UIInterfaceOrientationLandscapeRight";
				INFOPLIST_KEY_UISupportedInterfaceOrientations_iPhone = "UIInterfaceOrientationPortrait UIInterfaceOrientationLandscapeLeft UIInterfaceOrientationLandscapeRight";
				IPHONEOS_DEPLOYMENT_TARGET = 14.0;
				LD_RUNPATH_SEARCH_PATHS = (
					"$(inherited)",
					"@executable_path/Frameworks",
				);
				MARKETING_VERSION = 1.0;
				PRODUCT_BUNDLE_IDENTIFIER = com.seydouxxx.VarioTalk;
				PRODUCT_NAME = "$(TARGET_NAME)";
				SWIFT_EMIT_LOC_STRINGS = YES;
				SWIFT_VERSION = 5.0;
				TARGETED_DEVICE_FAMILY = "1,2";
			};
			name = Release;
		};
/* End XCBuildConfiguration section */

/* Begin XCConfigurationList section */
		7EA3CA5127572DDF00B5B21A /* Build configuration list for PBXProject "VarioTalk" */ = {
			isa = XCConfigurationList;
			buildConfigurations = (
				7EA3CA6827572DE200B5B21A /* Debug */,
				7EA3CA6927572DE200B5B21A /* Release */,
			);
			defaultConfigurationIsVisible = 0;
			defaultConfigurationName = Release;
		};
		7EA3CA6A27572DE200B5B21A /* Build configuration list for PBXNativeTarget "VarioTalk" */ = {
			isa = XCConfigurationList;
			buildConfigurations = (
				7EA3CA6B27572DE200B5B21A /* Debug */,
				7EA3CA6C27572DE200B5B21A /* Release */,
			);
			defaultConfigurationIsVisible = 0;
			defaultConfigurationName = Release;
		};
/* End XCConfigurationList section */
	};
	rootObject = 7EA3CA4E27572DDF00B5B21A /* Project object */;
}
